
Microsoft Visual Studio Solution File, Format Version 12.00
# Visual Studio 14
VisualStudioVersion = 14.0.23107.0
MinimumVisualStudioVersion = 10.0.40219.1
Project("{FAE04EC0-301F-11D3-BF4B-00C04F79EFBC}") = "SyncMedia", "SyncMedia\SyncMedia.csproj", "{DC3636C3-3C28-44A6-AB41-C0294B8AC491}"
EndProject
Project("{2150E333-8FDC-42A3-9474-1A3956D46DE8}") = "Solution Items", "Solution Items", "{606F9DA9-B001-4C4A-9F4E-DF302EA7806C}"
	ProjectSection(SolutionItems) = preProject
		ToDo.txt = ToDo.txt
	EndProjectSection
EndProject
Project("{FAE04EC0-301F-11D3-BF4B-00C04F79EFBC}") = "SyncMedia.Tests", "SyncMedia.Tests\SyncMedia.Tests.csproj", "{4AD7F232-6C19-4EC6-8162-C79D8E45454D}"
EndProject
Global
	GlobalSection(SolutionConfigurationPlatforms) = preSolution
		Debug|Any CPU = Debug|Any CPU
		Debug|x64 = Debug|x64
		Debug|x86 = Debug|x86
		Release|Any CPU = Release|Any CPU
		Release|x64 = Release|x64
		Release|x86 = Release|x86
	EndGlobalSection
	GlobalSection(ProjectConfigurationPlatforms) = postSolution
		{DC3636C3-3C28-44A6-AB41-C0294B8AC491}.Debug|Any CPU.ActiveCfg = Debug|Any CPU
		{DC3636C3-3C28-44A6-AB41-C0294B8AC491}.Debug|Any CPU.Build.0 = Debug|Any CPU
		{DC3636C3-3C28-44A6-AB41-C0294B8AC491}.Debug|x64.ActiveCfg = Debug|Any CPU
		{DC3636C3-3C28-44A6-AB41-C0294B8AC491}.Debug|x64.Build.0 = Debug|Any CPU
		{DC3636C3-3C28-44A6-AB41-C0294B8AC491}.Debug|x86.ActiveCfg = Debug|Any CPU
		{DC3636C3-3C28-44A6-AB41-C0294B8AC491}.Debug|x86.Build.0 = Debug|Any CPU
		{DC3636C3-3C28-44A6-AB41-C0294B8AC491}.Release|Any CPU.ActiveCfg = Release|Any CPU
		{DC3636C3-3C28-44A6-AB41-C0294B8AC491}.Release|Any CPU.Build.0 = Release|Any CPU
		{DC3636C3-3C28-44A6-AB41-C0294B8AC491}.Release|x64.ActiveCfg = Release|Any CPU
		{DC3636C3-3C28-44A6-AB41-C0294B8AC491}.Release|x64.Build.0 = Release|Any CPU
		{DC3636C3-3C28-44A6-AB41-C0294B8AC491}.Release|x86.ActiveCfg = Release|Any CPU
		{DC3636C3-3C28-44A6-AB41-C0294B8AC491}.Release|x86.Build.0 = Release|Any CPU
		{4AD7F232-6C19-4EC6-8162-C79D8E45454D}.Debug|Any CPU.ActiveCfg = Debug|Any CPU
		{4AD7F232-6C19-4EC6-8162-C79D8E45454D}.Debug|Any CPU.Build.0 = Debug|Any CPU
		{4AD7F232-6C19-4EC6-8162-C79D8E45454D}.Debug|x64.ActiveCfg = Debug|Any CPU
		{4AD7F232-6C19-4EC6-8162-C79D8E45454D}.Debug|x64.Build.0 = Debug|Any CPU
		{4AD7F232-6C19-4EC6-8162-C79D8E45454D}.Debug|x86.ActiveCfg = Debug|Any CPU
		{4AD7F232-6C19-4EC6-8162-C79D8E45454D}.Debug|x86.Build.0 = Debug|Any CPU
		{4AD7F232-6C19-4EC6-8162-C79D8E45454D}.Release|Any CPU.ActiveCfg = Release|Any CPU
		{4AD7F232-6C19-4EC6-8162-C79D8E45454D}.Release|Any CPU.Build.0 = Release|Any CPU
		{4AD7F232-6C19-4EC6-8162-C79D8E45454D}.Release|x64.ActiveCfg = Release|Any CPU
		{4AD7F232-6C19-4EC6-8162-C79D8E45454D}.Release|x64.Build.0 = Release|Any CPU
		{4AD7F232-6C19-4EC6-8162-C79D8E45454D}.Release|x86.ActiveCfg = Release|Any CPU
		{4AD7F232-6C19-4EC6-8162-C79D8E45454D}.Release|x86.Build.0 = Release|Any CPU
	EndGlobalSection
	GlobalSection(SolutionProperties) = preSolution
		HideSolutionNode = FALSE
	EndGlobalSection
EndGlobal
